// !$*UTF8*$!
{
	archiveVersion = 1;
	classes = {
	};
	objectVersion = 56;
	objects = {

/* Begin PBXBuildFile section */
		1E382295292D0A6100CE5FB2 /* MultipartFormDataRequest.swift in Sources */ = {isa = PBXBuildFile; fileRef = 1E382294292D0A6100CE5FB2 /* MultipartFormDataRequest.swift */; };
		1E382297292D0D5500CE5FB2 /* Models.swift in Sources */ = {isa = PBXBuildFile; fileRef = 1E382296292D0D5500CE5FB2 /* Models.swift */; };
		1E382299292D0DBA00CE5FB2 /* VisionRequester.swift in Sources */ = {isa = PBXBuildFile; fileRef = 1E382298292D0DBA00CE5FB2 /* VisionRequester.swift */; };
		1E38229D292D0EF800CE5FB2 /* EditImageView.swift in Sources */ = {isa = PBXBuildFile; fileRef = 1E38229C292D0EF800CE5FB2 /* EditImageView.swift */; };
		1E38229F292D0F9200CE5FB2 /* TabbedView.swift in Sources */ = {isa = PBXBuildFile; fileRef = 1E38229E292D0F9200CE5FB2 /* TabbedView.swift */; };
		1E818667292BCF4A001BE7A1 /* SwiftUIDallEAPIApp.swift in Sources */ = {isa = PBXBuildFile; fileRef = 1E818666292BCF4A001BE7A1 /* SwiftUIDallEAPIApp.swift */; };
		1E818669292BCF4A001BE7A1 /* ContentView.swift in Sources */ = {isa = PBXBuildFile; fileRef = 1E818668292BCF4A001BE7A1 /* ContentView.swift */; };
		1E81866B292BCF4E001BE7A1 /* Assets.xcassets in Resources */ = {isa = PBXBuildFile; fileRef = 1E81866A292BCF4E001BE7A1 /* Assets.xcassets */; };
		1E81866E292BCF4E001BE7A1 /* Preview Assets.xcassets in Resources */ = {isa = PBXBuildFile; fileRef = 1E81866D292BCF4E001BE7A1 /* Preview Assets.xcassets */; };
		1E818675292BDE5E001BE7A1 /* OpenAIService.swift in Sources */ = {isa = PBXBuildFile; fileRef = 1E818674292BDE5E001BE7A1 /* OpenAIService.swift */; };
/* End PBXBuildFile section */

/* Begin PBXFileReference section */
		1E382294292D0A6100CE5FB2 /* MultipartFormDataRequest.swift */ = {isa = PBXFileReference; lastKnownFileType = sourcecode.swift; path = MultipartFormDataRequest.swift; sourceTree = "<group>"; };
		1E382296292D0D5500CE5FB2 /* Models.swift */ = {isa = PBXFileReference; lastKnownFileType = sourcecode.swift; path = Models.swift; sourceTree = "<group>"; };
		1E382298292D0DBA00CE5FB2 /* VisionRequester.swift */ = {isa = PBXFileReference; lastKnownFileType = sourcecode.swift; path = VisionRequester.swift; sourceTree = "<group>"; };
		1E38229C292D0EF800CE5FB2 /* EditImageView.swift */ = {isa = PBXFileReference; lastKnownFileType = sourcecode.swift; path = EditImageView.swift; sourceTree = "<group>"; };
		1E38229E292D0F9200CE5FB2 /* TabbedView.swift */ = {isa = PBXFileReference; lastKnownFileType = sourcecode.swift; path = TabbedView.swift; sourceTree = "<group>"; };
		1E3822A0292D103500CE5FB2 /* Info.plist */ = {isa = PBXFileReference; lastKnownFileType = text.plist; path = Info.plist; sourceTree = "<group>"; };
		1E818663292BCF4A001BE7A1 /* SwiftUIDallEAPI.app */ = {isa = PBXFileReference; explicitFileType = wrapper.application; includeInIndex = 0; path = SwiftUIDallEAPI.app; sourceTree = BUILT_PRODUCTS_DIR; };
		1E818666292BCF4A001BE7A1 /* SwiftUIDallEAPIApp.swift */ = {isa = PBXFileReference; lastKnownFileType = sourcecode.swift; path = SwiftUIDallEAPIApp.swift; sourceTree = "<group>"; };
		1E818668292BCF4A001BE7A1 /* ContentView.swift */ = {isa = PBXFileReference; lastKnownFileType = sourcecode.swift; path = ContentView.swift; sourceTree = "<group>"; };
		1E81866A292BCF4E001BE7A1 /* Assets.xcassets */ = {isa = PBXFileReference; lastKnownFileType = folder.assetcatalog; path = Assets.xcassets; sourceTree = "<group>"; };
		1E81866D292BCF4E001BE7A1 /* Preview Assets.xcassets */ = {isa = PBXFileReference; lastKnownFileType = folder.assetcatalog; path = "Preview Assets.xcassets"; sourceTree = "<group>"; };
		1E818674292BDE5E001BE7A1 /* OpenAIService.swift */ = {isa = PBXFileReference; lastKnownFileType = sourcecode.swift; path = OpenAIService.swift; sourceTree = "<group>"; };
/* End PBXFileReference section */

/* Begin PBXFrameworksBuildPhase section */
		1E818660292BCF4A001BE7A1 /* Frameworks */ = {
			isa = PBXFrameworksBuildPhase;
			buildActionMask = 2147483647;
			files = (
			);
			runOnlyForDeploymentPostprocessing = 0;
		};
/* End PBXFrameworksBuildPhase section */

/* Begin PBXGroup section */
		1E81865A292BCF4A001BE7A1 = {
			isa = PBXGroup;
			children = (
				1E818665292BCF4A001BE7A1 /* SwiftUIDallEAPI */,
				1E818664292BCF4A001BE7A1 /* Products */,
			);
			sourceTree = "<group>";
		};
		1E818664292BCF4A001BE7A1 /* Products */ = {
			isa = PBXGroup;
			children = (
				1E818663292BCF4A001BE7A1 /* SwiftUIDallEAPI.app */,
			);
			name = Products;
			sourceTree = "<group>";
		};
		1E818665292BCF4A001BE7A1 /* SwiftUIDallEAPI */ = {
			isa = PBXGroup;
			children = (
				1E3822A0292D103500CE5FB2 /* Info.plist */,
				1E818666292BCF4A001BE7A1 /* SwiftUIDallEAPIApp.swift */,
				1E818668292BCF4A001BE7A1 /* ContentView.swift */,
				1E81866A292BCF4E001BE7A1 /* Assets.xcassets */,
				1E81866C292BCF4E001BE7A1 /* Preview Content */,
				1E818674292BDE5E001BE7A1 /* OpenAIService.swift */,
				1E382294292D0A6100CE5FB2 /* MultipartFormDataRequest.swift */,
				1E382296292D0D5500CE5FB2 /* Models.swift */,
				1E382298292D0DBA00CE5FB2 /* VisionRequester.swift */,
				1E38229C292D0EF800CE5FB2 /* EditImageView.swift */,
				1E38229E292D0F9200CE5FB2 /* TabbedView.swift */,
			);
			path = SwiftUIDallEAPI;
			sourceTree = "<group>";
		};
		1E81866C292BCF4E001BE7A1 /* Preview Content */ = {
			isa = PBXGroup;
			children = (
				1E81866D292BCF4E001BE7A1 /* Preview Assets.xcassets */,
			);
			path = "Preview Content";
			sourceTree = "<group>";
		};
/* End PBXGroup section */

/* Begin PBXNativeTarget section */
		1E818662292BCF4A001BE7A1 /* SwiftUIDallEAPI */ = {
			isa = PBXNativeTarget;
			buildConfigurationList = 1E818671292BCF4E001BE7A1 /* Build configuration list for PBXNativeTarget "SwiftUIDallEAPI" */;
			buildPhases = (
				1E81865F292BCF4A001BE7A1 /* Sources */,
				1E818660292BCF4A001BE7A1 /* Frameworks */,
				1E818661292BCF4A001BE7A1 /* Resources */,
			);
			buildRules = (
			);
			dependencies = (
			);
			name = SwiftUIDallEAPI;
			productName = SwiftUIDallEAPI;
			productReference = 1E818663292BCF4A001BE7A1 /* SwiftUIDallEAPI.app */;
			productType = "com.apple.product-type.application";
		};
/* End PBXNativeTarget section */

/* Begin PBXProject section */
		1E81865B292BCF4A001BE7A1 /* Project object */ = {
			isa = PBXProject;
			attributes = {
				BuildIndependentTargetsInParallel = 1;
				LastSwiftUpdateCheck = 1410;
				LastUpgradeCheck = 1410;
				TargetAttributes = {
					1E818662292BCF4A001BE7A1 = {
						CreatedOnToolsVersion = 14.1;
					};
				};
			};
			buildConfigurationList = 1E81865E292BCF4A001BE7A1 /* Build configuration list for PBXProject "SwiftUIDallEAPI" */;
			compatibilityVersion = "Xcode 14.0";
			developmentRegion = en;
			hasScannedForEncodings = 0;
			knownRegions = (
				en,
				Base,
			);
			mainGroup = 1E81865A292BCF4A001BE7A1;
			productRefGroup = 1E818664292BCF4A001BE7A1 /* Products */;
			projectDirPath = "";
			projectRoot = "";
			targets = (
				1E818662292BCF4A001BE7A1 /* SwiftUIDallEAPI */,
			);
		};
/* End PBXProject section */

/* Begin PBXResourcesBuildPhase section */
		1E818661292BCF4A001BE7A1 /* Resources */ = {
			isa = PBXResourcesBuildPhase;
			buildActionMask = 2147483647;
			files = (
				1E81866E292BCF4E001BE7A1 /* Preview Assets.xcassets in Resources */,
				1E81866B292BCF4E001BE7A1 /* Assets.xcassets in Resources */,
			);
			runOnlyForDeploymentPostprocessing = 0;
		};
/* End PBXResourcesBuildPhase section */

/* Begin PBXSourcesBuildPhase section */
		1E81865F292BCF4A001BE7A1 /* Sources */ = {
			isa = PBXSourcesBuildPhase;
			buildActionMask = 2147483647;
			files = (
				1E38229F292D0F9200CE5FB2 /* TabbedView.swift in Sources */,
				1E382299292D0DBA00CE5FB2 /* VisionRequester.swift in Sources */,
				1E818669292BCF4A001BE7A1 /* ContentView.swift in Sources */,
				1E818675292BDE5E001BE7A1 /* OpenAIService.swift in Sources */,
				1E38229D292D0EF800CE5FB2 /* EditImageView.swift in Sources */,
				1E382295292D0A6100CE5FB2 /* MultipartFormDataRequest.swift in Sources */,
				1E818667292BCF4A001BE7A1 /* SwiftUIDallEAPIApp.swift in Sources */,
				1E382297292D0D5500CE5FB2 /* Models.swift in Sources */,
			);
			runOnlyForDeploymentPostprocessing = 0;
		};
/* End PBXSourcesBuildPhase section */

/* Begin XCBuildConfiguration section */
		1E81866F292BCF4E001BE7A1 /* Debug */ = {
			isa = XCBuildConfiguration;
			buildSettings = {
				ALWAYS_SEARCH_USER_PATHS = NO;
				CLANG_ANALYZER_NONNULL = YES;
				CLANG_ANALYZER_NUMBER_OBJECT_CONVERSION = YES_AGGRESSIVE;
				CLANG_CXX_LANGUAGE_STANDARD = "gnu++20";
				CLANG_ENABLE_MODULES = YES;
				CLANG_ENABLE_OBJC_ARC = YES;
				CLANG_ENABLE_OBJC_WEAK = YES;
				CLANG_WARN_BLOCK_CAPTURE_AUTORELEASING = YES;
				CLANG_WARN_BOOL_CONVERSION = YES;
				CLANG_WARN_COMMA = YES;
				CLANG_WARN_CONSTANT_CONVERSION = YES;
				CLANG_WARN_DEPRECATED_OBJC_IMPLEMENTATIONS = YES;
				CLANG_WARN_DIRECT_OBJC_ISA_USAGE = YES_ERROR;
				CLANG_WARN_DOCUMENTATION_COMMENTS = YES;
				CLANG_WARN_EMPTY_BODY = YES;
				CLANG_WARN_ENUM_CONVERSION = YES;
				CLANG_WARN_INFINITE_RECURSION = YES;
				CLANG_WARN_INT_CONVERSION = YES;
				CLANG_WARN_NON_LITERAL_NULL_CONVERSION = YES;
				CLANG_WARN_OBJC_IMPLICIT_RETAIN_SELF = YES;
				CLANG_WARN_OBJC_LITERAL_CONVERSION = YES;
				CLANG_WARN_OBJC_ROOT_CLASS = YES_ERROR;
				CLANG_WARN_QUOTED_INCLUDE_IN_FRAMEWORK_HEADER = YES;
				CLANG_WARN_RANGE_LOOP_ANALYSIS = YES;
				CLANG_WARN_STRICT_PROTOTYPES = YES;
				CLANG_WARN_SUSPICIOUS_MOVE = YES;
				CLANG_WARN_UNGUARDED_AVAILABILITY = YES_AGGRESSIVE;
				CLANG_WARN_UNREACHABLE_CODE = YES;
				CLANG_WARN__DUPLICATE_METHOD_MATCH = YES;
				COPY_PHASE_STRIP = NO;
				DEBUG_INFORMATION_FORMAT = dwarf;
				ENABLE_STRICT_OBJC_MSGSEND = YES;
				ENABLE_TESTABILITY = YES;
				GCC_C_LANGUAGE_STANDARD = gnu11;
				GCC_DYNAMIC_NO_PIC = NO;
				GCC_NO_COMMON_BLOCKS = YES;
				GCC_OPTIMIZATION_LEVEL = 0;
				GCC_PREPROCESSOR_DEFINITIONS = (
					"DEBUG=1",
					"$(inherited)",
				);
				GCC_WARN_64_TO_32_BIT_CONVERSION = YES;
				GCC_WARN_ABOUT_RETURN_TYPE = YES_ERROR;
				GCC_WARN_UNDECLARED_SELECTOR = YES;
				GCC_WARN_UNINITIALIZED_AUTOS = YES_AGGRESSIVE;
				GCC_WARN_UNUSED_FUNCTION = YES;
				GCC_WARN_UNUSED_VARIABLE = YES;
				IPHONEOS_DEPLOYMENT_TARGET = 16.1;
				MTL_ENABLE_DEBUG_INFO = INCLUDE_SOURCE;
				MTL_FAST_MATH = YES;
				ONLY_ACTIVE_ARCH = YES;
				SDKROOT = iphoneos;
				SWIFT_ACTIVE_COMPILATION_CONDITIONS = DEBUG;
				SWIFT_OPTIMIZATION_LEVEL = "-Onone";
			};
			name = Debug;
		};
		1E818670292BCF4E001BE7A1 /* Release */ = {
			isa = XCBuildConfiguration;
			buildSettings = {
				ALWAYS_SEARCH_USER_PATHS = NO;
				CLANG_ANALYZER_NONNULL = YES;
				CLANG_ANALYZER_NUMBER_OBJECT_CONVERSION = YES_AGGRESSIVE;
				CLANG_CXX_LANGUAGE_STANDARD = "gnu++20";
				CLANG_ENABLE_MODULES = YES;
				CLANG_ENABLE_OBJC_ARC = YES;
				CLANG_ENABLE_OBJC_WEAK = YES;
				CLANG_WARN_BLOCK_CAPTURE_AUTORELEASING = YES;
				CLANG_WARN_BOOL_CONVERSION = YES;
				CLANG_WARN_COMMA = YES;
				CLANG_WARN_CONSTANT_CONVERSION = YES;
				CLANG_WARN_DEPRECATED_OBJC_IMPLEMENTATIONS = YES;
				CLANG_WARN_DIRECT_OBJC_ISA_USAGE = YES_ERROR;
				CLANG_WARN_DOCUMENTATION_COMMENTS = YES;
				CLANG_WARN_EMPTY_BODY = YES;
				CLANG_WARN_ENUM_CONVERSION = YES;
				CLANG_WARN_INFINITE_RECURSION = YES;
				CLANG_WARN_INT_CONVERSION = YES;
				CLANG_WARN_NON_LITERAL_NULL_CONVERSION = YES;
				CLANG_WARN_OBJC_IMPLICIT_RETAIN_SELF = YES;
				CLANG_WARN_OBJC_LITERAL_CONVERSION = YES;
				CLANG_WARN_OBJC_ROOT_CLASS = YES_ERROR;
				CLANG_WARN_QUOTED_INCLUDE_IN_FRAMEWORK_HEADER = YES;
				CLANG_WARN_RANGE_LOOP_ANALYSIS = YES;
				CLANG_WARN_STRICT_PROTOTYPES = YES;
				CLANG_WARN_SUSPICIOUS_MOVE = YES;
				CLANG_WARN_UNGUARDED_AVAILABILITY = YES_AGGRESSIVE;
				CLANG_WARN_UNREACHABLE_CODE = YES;
				CLANG_WARN__DUPLICATE_METHOD_MATCH = YES;
				COPY_PHASE_STRIP = NO;
				DEBUG_INFORMATION_FORMAT = "dwarf-with-dsym";
				ENABLE_NS_ASSERTIONS = NO;
				ENABLE_STRICT_OBJC_MSGSEND = YES;
				GCC_C_LANGUAGE_STANDARD = gnu11;
				GCC_NO_COMMON_BLOCKS = YES;
				GCC_WARN_64_TO_32_BIT_CONVERSION = YES;
				GCC_WARN_ABOUT_RETURN_TYPE = YES_ERROR;
				GCC_WARN_UNDECLARED_SELECTOR = YES;
				GCC_WARN_UNINITIALIZED_AUTOS = YES_AGGRESSIVE;
				GCC_WARN_UNUSED_FUNCTION = YES;
				GCC_WARN_UNUSED_VARIABLE = YES;
				IPHONEOS_DEPLOYMENT_TARGET = 16.1;
				MTL_ENABLE_DEBUG_INFO = NO;
				MTL_FAST_MATH = YES;
				SDKROOT = iphoneos;
				SWIFT_COMPILATION_MODE = wholemodule;
				SWIFT_OPTIMIZATION_LEVEL = "-O";
				VALIDATE_PRODUCT = YES;
			};
			name = Release;
		};
		1E818672292BCF4E001BE7A1 /* Debug */ = {
			isa = XCBuildConfiguration;
			buildSettings = {
				ASSETCATALOG_COMPILER_APPICON_NAME = AppIcon;
				ASSETCATALOG_COMPILER_GLOBAL_ACCENT_COLOR_NAME = AccentColor;
				CODE_SIGN_STYLE = Automatic;
				CURRENT_PROJECT_VERSION = 1;
				DEVELOPMENT_ASSET_PATHS = "\"SwiftUIDallEAPI/Preview Content\"";
				DEVELOPMENT_TEAM = TU485M7VEU;
				ENABLE_PREVIEWS = YES;
				GENERATE_INFOPLIST_FILE = YES;
				INFOPLIST_FILE = SwiftUIDallEAPI/Info.plist;
				INFOPLIST_KEY_UIApplicationSceneManifest_Generation = YES;
				INFOPLIST_KEY_UIApplicationSupportsIndirectInputEvents = YES;
				INFOPLIST_KEY_UILaunchScreen_Generation = YES;
				INFOPLIST_KEY_UISupportedInterfaceOrientations_iPad = "UIInterfaceOrientationPortrait UIInterfaceOrientationPortraitUpsideDown UIInterfaceOrientationLandscapeLeft UIInterfaceOrientationLandscapeRight";
				INFOPLIST_KEY_UISupportedInterfaceOrientations_iPhone = "UIInterfaceOrientationPortrait UIInterfaceOrientationLandscapeLeft UIInterfaceOrientationLandscapeRight";
				LD_RUNPATH_SEARCH_PATHS = (
					"$(inherited)",
					"@executable_path/Frameworks",
				);
				MARKETING_VERSION = 1.0;
				PRODUCT_BUNDLE_IDENTIFIER = com.iosdevie.SwiftUIDallEAPI;
				PRODUCT_NAME = "$(TARGET_NAME)";
				SWIFT_EMIT_LOC_STRINGS = YES;
				SWIFT_VERSION = 5.0;
				TARGETED_DEVICE_FAMILY = "1,2";
			};
			name = Debug;
		};
		1E818673292BCF4E001BE7A1 /* Release */ = {
			isa = XCBuildConfiguration;
			buildSettings = {
				ASSETCATALOG_COMPILER_APPICON_NAME = AppIcon;
				ASSETCATALOG_COMPILER_GLOBAL_ACCENT_COLOR_NAME = AccentColor;
				CODE_SIGN_STYLE = Automatic;
				CURRENT_PROJECT_VERSION = 1;
				DEVELOPMENT_ASSET_PATHS = "\"SwiftUIDallEAPI/Preview Content\"";
				DEVELOPMENT_TEAM = TU485M7VEU;
				ENABLE_PREVIEWS = YES;
				GENERATE_INFOPLIST_FILE = YES;
				INFOPLIST_FILE = SwiftUIDallEAPI/Info.plist;
				INFOPLIST_KEY_UIApplicationSceneManifest_Generation = YES;
				INFOPLIST_KEY_UIApplicationSupportsIndirectInputEvents = YES;
				INFOPLIST_KEY_UILaunchScreen_Generation = YES;
				INFOPLIST_KEY_UISupportedInterfaceOrientations_iPad = "UIInterfaceOrientationPortrait UIInterfaceOrientationPortraitUpsideDown UIInterfaceOrientationLandscapeLeft UIInterfaceOrientationLandscapeRight";
				INFOPLIST_KEY_UISupportedInterfaceOrientations_iPhone = "UIInterfaceOrientationPortrait UIInterfaceOrientationLandscapeLeft UIInterfaceOrientationLandscapeRight";
				LD_RUNPATH_SEARCH_PATHS = (
					"$(inherited)",
					"@executable_path/Frameworks",
				);
				MARKETING_VERSION = 1.0;
				PRODUCT_BUNDLE_IDENTIFIER = com.iosdevie.SwiftUIDallEAPI;
				PRODUCT_NAME = "$(TARGET_NAME)";
				SWIFT_EMIT_LOC_STRINGS = YES;
				SWIFT_VERSION = 5.0;
				TARGETED_DEVICE_FAMILY = "1,2";
			};
			name = Release;
		};
/* End XCBuildConfiguration section */

/* Begin XCConfigurationList section */
		1E81865E292BCF4A001BE7A1 /* Build configuration list for PBXProject "SwiftUIDallEAPI" */ = {
			isa = XCConfigurationList;
			buildConfigurations = (
				1E81866F292BCF4E001BE7A1 /* Debug */,
				1E818670292BCF4E001BE7A1 /* Release */,
			);
			defaultConfigurationIsVisible = 0;
			defaultConfigurationName = Release;
		};
		1E818671292BCF4E001BE7A1 /* Build configuration list for PBXNativeTarget "SwiftUIDallEAPI" */ = {
			isa = XCConfigurationList;
			buildConfigurations = (
				1E818672292BCF4E001BE7A1 /* Debug */,
				1E818673292BCF4E001BE7A1 /* Release */,
			);
			defaultConfigurationIsVisible = 0;
			defaultConfigurationName = Release;
		};
/* End XCConfigurationList section */
	};
	rootObject = 1E81865B292BCF4A001BE7A1 /* Project object */;
}
